
Microsoft Visual Studio Solution File, Format Version 12.00
# Visual Studio 15
VisualStudioVersion = 15.0.28307.1082
MinimumVisualStudioVersion = 10.0.40219.1
Project("{8BC9CEB8-8B4A-11D0-8D11-00A0C91BC942}") = "Compilerexample", "Compilerexample\Compilerexample.vcxproj", "{115FB7D2-E427-408E-AA28-69292A82EFB6}"
EndProject
Global
	GlobalSection(SolutionConfigurationPlatforms) = preSolution
		Debug|x64 = Debug|x64
		Debug|x86 = Debug|x86
		Release|x64 = Release|x64
		Release|x86 = Release|x86
	EndGlobalSection
	GlobalSection(ProjectConfigurationPlatforms) = postSolution
		{115FB7D2-E427-408E-AA28-69292A82EFB6}.Debug|x64.ActiveCfg = Debug|x64
		{115FB7D2-E427-408E-AA28-69292A82EFB6}.Debug|x64.Build.0 = Debug|x64
		{115FB7D2-E427-408E-AA28-69292A82EFB6}.Debug|x86.ActiveCfg = Debug|Win32
		{115FB7D2-E427-408E-AA28-69292A82EFB6}.Debug|x86.Build.0 = Debug|Win32
		{115FB7D2-E427-408E-AA28-69292A82EFB6}.Release|x64.ActiveCfg = Release|x64
		{115FB7D2-E427-408E-AA28-69292A82EFB6}.Release|x64.Build.0 = Release|x64
		{115FB7D2-E427-408E-AA28-69292A82EFB6}.Release|x86.ActiveCfg = Release|Win32
		{115FB7D2-E427-408E-AA28-69292A82EFB6}.Release|x86.Build.0 = Release|Win32
	EndGlobalSection
	GlobalSection(SolutionProperties) = preSolution
		HideSolutionNode = FALSE
	EndGlobalSection
	GlobalSection(ExtensibilityGlobals) = postSolution
		SolutionGuid = {47B1ED72-A59C-4139-9CCA-EBCC8DA2D97B}
	EndGlobalSection
EndGlobal
